
Microsoft Visual Studio Solution File, Format Version 12.00
# Visual Studio Version 17
VisualStudioVersion = 17.5.002.0
MinimumVisualStudioVersion = 10.0.40219.1
Project("{9A19103F-16F7-4668-BE54-9A1E7A4F7556}") = "carpark-api.test", "carpark-api.test.csproj", "{46BA63BE-FF5A-41AE-9D78-7F3381BEA116}"
EndProject
Global
	GlobalSection(SolutionConfigurationPlatforms) = preSolution
		Debug|Any CPU = Debug|Any CPU
		Release|Any CPU = Release|Any CPU
	EndGlobalSection
	GlobalSection(ProjectConfigurationPlatforms) = postSolution
		{46BA63BE-FF5A-41AE-9D78-7F3381BEA116}.Debug|Any CPU.ActiveCfg = Debug|Any CPU
		{46BA63BE-FF5A-41AE-9D78-7F3381BEA116}.Debug|Any CPU.Build.0 = Debug|Any CPU
		{46BA63BE-FF5A-41AE-9D78-7F3381BEA116}.Release|Any CPU.ActiveCfg = Release|Any CPU
		{46BA63BE-FF5A-41AE-9D78-7F3381BEA116}.Release|Any CPU.Build.0 = Release|Any CPU
	EndGlobalSection
	GlobalSection(SolutionProperties) = preSolution
		HideSolutionNode = FALSE
	EndGlobalSection
	GlobalSection(ExtensibilityGlobals) = postSolution
		SolutionGuid = {16839827-94CB-4F8C-8EAB-28F3058C40D6}
	EndGlobalSection
EndGlobal
